
Microsoft Visual Studio Solution File, Format Version 12.00
# Visual Studio 15
VisualStudioVersion = 15.0.27703.2000
MinimumVisualStudioVersion = 10.0.40219.1
Project("{FAE04EC0-301F-11D3-BF4B-00C04F79EFBC}") = "ReaperRL", "ReaperRL\ReaperRL.csproj", "{D34AB9D0-FB00-4F35-A75E-8300A22936F4}"
EndProject
Global
	GlobalSection(SolutionConfigurationPlatforms) = preSolution
		Debug|Any CPU = Debug|Any CPU
		Release|Any CPU = Release|Any CPU
	EndGlobalSection
	GlobalSection(ProjectConfigurationPlatforms) = postSolution
		{D34AB9D0-FB00-4F35-A75E-8300A22936F4}.Debug|Any CPU.ActiveCfg = Debug|Any CPU
		{D34AB9D0-FB00-4F35-A75E-8300A22936F4}.Debug|Any CPU.Build.0 = Debug|Any CPU
		{D34AB9D0-FB00-4F35-A75E-8300A22936F4}.Release|Any CPU.ActiveCfg = Release|Any CPU
		{D34AB9D0-FB00-4F35-A75E-8300A22936F4}.Release|Any CPU.Build.0 = Release|Any CPU
	EndGlobalSection
	GlobalSection(SolutionProperties) = preSolution
		HideSolutionNode = FALSE
	EndGlobalSection
	GlobalSection(ExtensibilityGlobals) = postSolution
		SolutionGuid = {208A20B5-6021-4957-A5D8-DAC93185D6C8}
	EndGlobalSection
EndGlobal
